
Microsoft Visual Studio Solution File, Format Version 12.00
# Visual Studio Version 17
VisualStudioVersion = 17.4.33110.190
MinimumVisualStudioVersion = 10.0.40219.1
Project("{FAE04EC0-301F-11D3-BF4B-00C04F79EFBC}") = "DI_Api", "DI_Api\DI_Api.csproj", "{88246DDB-E85E-4E85-9E5C-DF02EE93C485}"
EndProject
Global
	GlobalSection(SolutionConfigurationPlatforms) = preSolution
		Debug|Any CPU = Debug|Any CPU
		Release|Any CPU = Release|Any CPU
	EndGlobalSection
	GlobalSection(ProjectConfigurationPlatforms) = postSolution
		{88246DDB-E85E-4E85-9E5C-DF02EE93C485}.Debug|Any CPU.ActiveCfg = Debug|Any CPU
		{88246DDB-E85E-4E85-9E5C-DF02EE93C485}.Debug|Any CPU.Build.0 = Debug|Any CPU
		{88246DDB-E85E-4E85-9E5C-DF02EE93C485}.Release|Any CPU.ActiveCfg = Release|Any CPU
		{88246DDB-E85E-4E85-9E5C-DF02EE93C485}.Release|Any CPU.Build.0 = Release|Any CPU
	EndGlobalSection
	GlobalSection(SolutionProperties) = preSolution
		HideSolutionNode = FALSE
	EndGlobalSection
	GlobalSection(ExtensibilityGlobals) = postSolution
		SolutionGuid = {89B9BFAE-931B-4329-84F8-760D63B35507}
	EndGlobalSection
EndGlobal
